Microsoft Visual Studio Solution File, Format Version 12.00
# Visual Studio Version 17
VisualStudioVersion = 17.5.2.0
MinimumVisualStudioVersion = 10.0.40219.1
Project("{FAE04EC0-301F-11D3-BF4B-00C04F79EFBC}") = "Oxygen", "Oxygen.csproj", "{9707CAC3-1106-8FDB-E4A5-4361E907C1E8}"
EndProject
Global
	GlobalSection(SolutionConfigurationPlatforms) = preSolution
		Debug|Any CPU = Debug|Any CPU
		Release|Any CPU = Release|Any CPU
	EndGlobalSection
	GlobalSection(ProjectConfigurationPlatforms) = postSolution
		{9707CAC3-1106-8FDB-E4A5-4361E907C1E8}.Debug|Any CPU.ActiveCfg = Debug|Any CPU
		{9707CAC3-1106-8FDB-E4A5-4361E907C1E8}.Debug|Any CPU.Build.0 = Debug|Any CPU
		{9707CAC3-1106-8FDB-E4A5-4361E907C1E8}.Release|Any CPU.ActiveCfg = Release|Any CPU
		{9707CAC3-1106-8FDB-E4A5-4361E907C1E8}.Release|Any CPU.Build.0 = Release|Any CPU
	EndGlobalSection
	GlobalSection(SolutionProperties) = preSolution
		HideSolutionNode = FALSE
	EndGlobalSection
	GlobalSection(ExtensibilityGlobals) = postSolution
		SolutionGuid = {4BEC0936-FA54-4148-980A-0D241BECADCA}
	EndGlobalSection
EndGlobal
